
Microsoft Visual Studio Solution File, Format Version 12.00
# Visual Studio Version 17
VisualStudioVersion = 17.5.33516.290
MinimumVisualStudioVersion = 10.0.40219.1
Project("{FAE04EC0-301F-11D3-BF4B-00C04F79EFBC}") = "TirScript_Indevid_Csharp", "TirScript_Indevid_Csharp.csproj", "{184FB3A1-DC6A-4713-AFDD-ABDBE3ABFE7D}"
EndProject
Global
	GlobalSection(SolutionConfigurationPlatforms) = preSolution
		Debug|Any CPU = Debug|Any CPU
		Release|Any CPU = Release|Any CPU
	EndGlobalSection
	GlobalSection(ProjectConfigurationPlatforms) = postSolution
		{184FB3A1-DC6A-4713-AFDD-ABDBE3ABFE7D}.Debug|Any CPU.ActiveCfg = Debug|Any CPU
		{184FB3A1-DC6A-4713-AFDD-ABDBE3ABFE7D}.Debug|Any CPU.Build.0 = Debug|Any CPU
		{184FB3A1-DC6A-4713-AFDD-ABDBE3ABFE7D}.Release|Any CPU.ActiveCfg = Release|Any CPU
		{184FB3A1-DC6A-4713-AFDD-ABDBE3ABFE7D}.Release|Any CPU.Build.0 = Release|Any CPU
	EndGlobalSection
	GlobalSection(SolutionProperties) = preSolution
		HideSolutionNode = FALSE
	EndGlobalSection
	GlobalSection(ExtensibilityGlobals) = postSolution
		SolutionGuid = {47D18EBE-AC1E-4B5E-8B4B-FFC64AB496FD}
	EndGlobalSection
EndGlobal
