
Microsoft Visual Studio Solution File, Format Version 12.00
# Visual Studio Version 17
VisualStudioVersion = 17.5.33516.290
MinimumVisualStudioVersion = 10.0.40219.1
Project("{FAE04EC0-301F-11D3-BF4B-00C04F79EFBC}") = "S_Tebya_10KG_Metadona", "S_Tebya_10KG_Metadona.csproj", "{5FE691DB-13BB-480D-8EFF-0AA954BCD655}"
EndProject
Global
	GlobalSection(SolutionConfigurationPlatforms) = preSolution
		Debug|Any CPU = Debug|Any CPU
		Release|Any CPU = Release|Any CPU
	EndGlobalSection
	GlobalSection(ProjectConfigurationPlatforms) = postSolution
		{5FE691DB-13BB-480D-8EFF-0AA954BCD655}.Debug|Any CPU.ActiveCfg = Debug|Any CPU
		{5FE691DB-13BB-480D-8EFF-0AA954BCD655}.Debug|Any CPU.Build.0 = Debug|Any CPU
		{5FE691DB-13BB-480D-8EFF-0AA954BCD655}.Release|Any CPU.ActiveCfg = Release|Any CPU
		{5FE691DB-13BB-480D-8EFF-0AA954BCD655}.Release|Any CPU.Build.0 = Release|Any CPU
	EndGlobalSection
	GlobalSection(SolutionProperties) = preSolution
		HideSolutionNode = FALSE
	EndGlobalSection
	GlobalSection(ExtensibilityGlobals) = postSolution
		SolutionGuid = {F4C355E4-33E1-41E8-B672-6B145104DCB2}
	EndGlobalSection
EndGlobal
