
Microsoft Visual Studio Solution File, Format Version 12.00
# Visual Studio Version 17
VisualStudioVersion = 17.5.33516.290
MinimumVisualStudioVersion = 10.0.40219.1
Project("{FAE04EC0-301F-11D3-BF4B-00C04F79EFBC}") = "Gos_Administraciya_Tiraspol", "Gos_Administraciya_Tiraspol.csproj", "{75A9342D-345D-4E41-BD88-816CE412D901}"
EndProject
Global
	GlobalSection(SolutionConfigurationPlatforms) = preSolution
		Debug|Any CPU = Debug|Any CPU
		Release|Any CPU = Release|Any CPU
	EndGlobalSection
	GlobalSection(ProjectConfigurationPlatforms) = postSolution
		{75A9342D-345D-4E41-BD88-816CE412D901}.Debug|Any CPU.ActiveCfg = Debug|Any CPU
		{75A9342D-345D-4E41-BD88-816CE412D901}.Debug|Any CPU.Build.0 = Debug|Any CPU
		{75A9342D-345D-4E41-BD88-816CE412D901}.Release|Any CPU.ActiveCfg = Release|Any CPU
		{75A9342D-345D-4E41-BD88-816CE412D901}.Release|Any CPU.Build.0 = Release|Any CPU
	EndGlobalSection
	GlobalSection(SolutionProperties) = preSolution
		HideSolutionNode = FALSE
	EndGlobalSection
	GlobalSection(ExtensibilityGlobals) = postSolution
		SolutionGuid = {F5661E95-C10F-476B-8914-DD02BCA0376C}
	EndGlobalSection
EndGlobal
